// !$*UTF8*$!
{
	archiveVersion = 1;
	classes = {
	};
	objectVersion = 46;
	objects = {

/* Begin PBXBuildFile section */
		8701AB2B19F7DC52009FBA51 /* main.m in Sources */ = {isa = PBXBuildFile; fileRef = 8701AB2A19F7DC52009FBA51 /* main.m */; };
		8701AB2E19F7DC52009FBA51 /* AppDelegate.m in Sources */ = {isa = PBXBuildFile; fileRef = 8701AB2D19F7DC52009FBA51 /* AppDelegate.m */; };
		8701AB3119F7DC52009FBA51 /* ViewController.m in Sources */ = {isa = PBXBuildFile; fileRef = 8701AB3019F7DC52009FBA51 /* ViewController.m */; };
		8701AB3419F7DC52009FBA51 /* Main.storyboard in Resources */ = {isa = PBXBuildFile; fileRef = 8701AB3219F7DC52009FBA51 /* Main.storyboard */; };
		8701AB3619F7DC52009FBA51 /* Images.xcassets in Resources */ = {isa = PBXBuildFile; fileRef = 8701AB3519F7DC52009FBA51 /* Images.xcassets */; };
		8701AB3919F7DC52009FBA51 /* LaunchScreen.xib in Resources */ = {isa = PBXBuildFile; fileRef = 8701AB3719F7DC52009FBA51 /* LaunchScreen.xib */; };
		8701AB4519F7DC52009FBA51 /* phppost2Tests.m in Sources */ = {isa = PBXBuildFile; fileRef = 8701AB4419F7DC52009FBA51 /* phppost2Tests.m */; };
/* End PBXBuildFile section */

/* Begin PBXContainerItemProxy section */
		8701AB3F19F7DC52009FBA51 /* PBXContainerItemProxy */ = {
			isa = PBXContainerItemProxy;
			containerPortal = 8701AB1D19F7DC51009FBA51 /* Project object */;
			proxyType = 1;
			remoteGlobalIDString = 8701AB2419F7DC52009FBA51;
			remoteInfo = phppost2;
		};
/* End PBXContainerItemProxy section */

/* Begin PBXFileReference section */
		8701AB2519F7DC52009FBA51 /* phppost2.app */ = {isa = PBXFileReference; explicitFileType = wrapper.application; includeInIndex = 0; path = phppost2.app; sourceTree = BUILT_PRODUCTS_DIR; };
		8701AB2919F7DC52009FBA51 /* Info.plist */ = {isa = PBXFileReference; lastKnownFileType = text.plist.xml; path = Info.plist; sourceTree = "<group>"; };
		8701AB2A19F7DC52009FBA51 /* main.m */ = {isa = PBXFileReference; lastKnownFileType = sourcecode.c.objc; path = main.m; sourceTree = "<group>"; };
		8701AB2C19F7DC52009FBA51 /* AppDelegate.h */ = {isa = PBXFileReference; lastKnownFileType = sourcecode.c.h; path = AppDelegate.h; sourceTree = "<group>"; };
		8701AB2D19F7DC52009FBA51 /* AppDelegate.m */ = {isa = PBXFileReference; lastKnownFileType = sourcecode.c.objc; path = AppDelegate.m; sourceTree = "<group>"; };
		8701AB2F19F7DC52009FBA51 /* ViewController.h */ = {isa = PBXFileReference; lastKnownFileType = sourcecode.c.h; path = ViewController.h; sourceTree = "<group>"; };
		8701AB3019F7DC52009FBA51 /* ViewController.m */ = {isa = PBXFileReference; lastKnownFileType = sourcecode.c.objc; path = ViewController.m; sourceTree = "<group>"; };
		8701AB3319F7DC52009FBA51 /* Base */ = {isa = PBXFileReference; lastKnownFileType = file.storyboard; name = Base; path = Base.lproj/Main.storyboard; sourceTree = "<group>"; };
		8701AB3519F7DC52009FBA51 /* Images.xcassets */ = {isa = PBXFileReference; lastKnownFileType = folder.assetcatalog; path = Images.xcassets; sourceTree = "<group>"; };
		8701AB3819F7DC52009FBA51 /* Base */ = {isa = PBXFileReference; lastKnownFileType = file.xib; name = Base; path = Base.lproj/LaunchScreen.xib; sourceTree = "<group>"; };
		8701AB3E19F7DC52009FBA51 /* phppost2Tests.xctest */ = {isa = PBXFileReference; explicitFileType = wrapper.cfbundle; includeInIndex = 0; path = phppost2Tests.xctest; sourceTree = BUILT_PRODUCTS_DIR; };
		8701AB4319F7DC52009FBA51 /* Info.plist */ = {isa = PBXFileReference; lastKnownFileType = text.plist.xml; path = Info.plist; sourceTree = "<group>"; };
		8701AB4419F7DC52009FBA51 /* phppost2Tests.m */ = {isa = PBXFileReference; lastKnownFileType = sourcecode.c.objc; path = phppost2Tests.m; sourceTree = "<group>"; };
/* End PBXFileReference section */

/* Begin PBXFrameworksBuildPhase section */
		8701AB2219F7DC52009FBA51 /* Frameworks */ = {
			isa = PBXFrameworksBuildPhase;
			buildActionMask = 2147483647;
			files = (
			);
			runOnlyForDeploymentPostprocessing = 0;
		};
		8701AB3B19F7DC52009FBA51 /* Frameworks */ = {
			isa = PBXFrameworksBuildPhase;
			buildActionMask = 2147483647;
			files = (
			);
			runOnlyForDeploymentPostprocessing = 0;
		};
/* End PBXFrameworksBuildPhase section */

/* Begin PBXGroup section */
		8701AB1C19F7DC51009FBA51 = {
			isa = PBXGroup;
			children = (
				8701AB2719F7DC52009FBA51 /* phppost2 */,
				8701AB4119F7DC52009FBA51 /* phppost2Tests */,
				8701AB2619F7DC52009FBA51 /* Products */,
			);
			sourceTree = "<group>";
		};
		8701AB2619F7DC52009FBA51 /* Products */ = {
			isa = PBXGroup;
			children = (
				8701AB2519F7DC52009FBA51 /* phppost2.app */,
				8701AB3E19F7DC52009FBA51 /* phppost2Tests.xctest */,
			);
			name = Products;
			sourceTree = "<group>";
		};
		8701AB2719F7DC52009FBA51 /* phppost2 */ = {
			isa = PBXGroup;
			children = (
				8701AB2C19F7DC52009FBA51 /* AppDelegate.h */,
				8701AB2D19F7DC52009FBA51 /* AppDelegate.m */,
				8701AB2F19F7DC52009FBA51 /* ViewController.h */,
				8701AB3019F7DC52009FBA51 /* ViewController.m */,
				8701AB3219F7DC52009FBA51 /* Main.storyboard */,
				8701AB3519F7DC52009FBA51 /* Images.xcassets */,
				8701AB3719F7DC52009FBA51 /* LaunchScreen.xib */,
				8701AB2819F7DC52009FBA51 /* Supporting Files */,
			);
			path = phppost2;
			sourceTree = "<group>";
		};
		8701AB2819F7DC52009FBA51 /* Supporting Files */ = {
			isa = PBXGroup;
			children = (
				8701AB2919F7DC52009FBA51 /* Info.plist */,
				8701AB2A19F7DC52009FBA51 /* main.m */,
			);
			name = "Supporting Files";
			sourceTree = "<group>";
		};
		8701AB4119F7DC52009FBA51 /* phppost2Tests */ = {
			isa = PBXGroup;
			children = (
				8701AB4419F7DC52009FBA51 /* phppost2Tests.m */,
				8701AB4219F7DC52009FBA51 /* Supporting Files */,
			);
			path = phppost2Tests;
			sourceTree = "<group>";
		};
		8701AB4219F7DC52009FBA51 /* Supporting Files */ = {
			isa = PBXGroup;
			children = (
				8701AB4319F7DC52009FBA51 /* Info.plist */,
			);
			name = "Supporting Files";
			sourceTree = "<group>";
		};
/* End PBXGroup section */

/* Begin PBXNativeTarget section */
		8701AB2419F7DC52009FBA51 /* phppost2 */ = {
			isa = PBXNativeTarget;
			buildConfigurationList = 8701AB4819F7DC52009FBA51 /* Build configuration list for PBXNativeTarget "phppost2" */;
			buildPhases = (
				8701AB2119F7DC52009FBA51 /* Sources */,
				8701AB2219F7DC52009FBA51 /* Frameworks */,
				8701AB2319F7DC52009FBA51 /* Resources */,
			);
			buildRules = (
			);
			dependencies = (
			);
			name = phppost2;
			productName = phppost2;
			productReference = 8701AB2519F7DC52009FBA51 /* phppost2.app */;
			productType = "com.apple.product-type.application";
		};
		8701AB3D19F7DC52009FBA51 /* phppost2Tests */ = {
			isa = PBXNativeTarget;
			buildConfigurationList = 8701AB4B19F7DC52009FBA51 /* Build configuration list for PBXNativeTarget "phppost2Tests" */;
			buildPhases = (
				8701AB3A19F7DC52009FBA51 /* Sources */,
				8701AB3B19F7DC52009FBA51 /* Frameworks */,
				8701AB3C19F7DC52009FBA51 /* Resources */,
			);
			buildRules = (
			);
			dependencies = (
				8701AB4019F7DC52009FBA51 /* PBXTargetDependency */,
			);
			name = phppost2Tests;
			productName = phppost2Tests;
			productReference = 8701AB3E19F7DC52009FBA51 /* phppost2Tests.xctest */;
			productType = "com.apple.product-type.bundle.unit-test";
		};
/* End PBXNativeTarget section */

/* Begin PBXProject section */
		8701AB1D19F7DC51009FBA51 /* Project object */ = {
			isa = PBXProject;
			attributes = {
				LastUpgradeCheck = 0610;
				ORGANIZATIONNAME = mycompany;
				TargetAttributes = {
					8701AB2419F7DC52009FBA51 = {
						CreatedOnToolsVersion = 6.1;
					};
					8701AB3D19F7DC52009FBA51 = {
						CreatedOnToolsVersion = 6.1;
						TestTargetID = 8701AB2419F7DC52009FBA51;
					};
				};
			};
			buildConfigurationList = 8701AB2019F7DC51009FBA51 /* Build configuration list for PBXProject "phppost2" */;
			compatibilityVersion = "Xcode 3.2";
			developmentRegion = English;
			hasScannedForEncodings = 0;
			knownRegions = (
				en,
				Base,
			);
			mainGroup = 8701AB1C19F7DC51009FBA51;
			productRefGroup = 8701AB2619F7DC52009FBA51 /* Products */;
			projectDirPath = "";
			projectRoot = "";
			targets = (
				8701AB2419F7DC52009FBA51 /* phppost2 */,
				8701AB3D19F7DC52009FBA51 /* phppost2Tests */,
			);
		};
/* End PBXProject section */

/* Begin PBXResourcesBuildPhase section */
		8701AB2319F7DC52009FBA51 /* Resources */ = {
			isa = PBXResourcesBuildPhase;
			buildActionMask = 2147483647;
			files = (
				8701AB3419F7DC52009FBA51 /* Main.storyboard in Resources */,
				8701AB3919F7DC52009FBA51 /* LaunchScreen.xib in Resources */,
				8701AB3619F7DC52009FBA51 /* Images.xcassets in Resources */,
			);
			runOnlyForDeploymentPostprocessing = 0;
		};
		8701AB3C19F7DC52009FBA51 /* Resources */ = {
			isa = PBXResourcesBuildPhase;
			buildActionMask = 2147483647;
			files = (
			);
			runOnlyForDeploymentPostprocessing = 0;
		};
/* End PBXResourcesBuildPhase section */

/* Begin PBXSourcesBuildPhase section */
		8701AB2119F7DC52009FBA51 /* Sources */ = {
			isa = PBXSourcesBuildPhase;
			buildActionMask = 2147483647;
			files = (
				8701AB3119F7DC52009FBA51 /* ViewController.m in Sources */,
				8701AB2E19F7DC52009FBA51 /* AppDelegate.m in Sources */,
				8701AB2B19F7DC52009FBA51 /* main.m in Sources */,
			);
			runOnlyForDeploymentPostprocessing = 0;
		};
		8701AB3A19F7DC52009FBA51 /* Sources */ = {
			isa = PBXSourcesBuildPhase;
			buildActionMask = 2147483647;
			files = (
				8701AB4519F7DC52009FBA51 /* phppost2Tests.m in Sources */,
			);
			runOnlyForDeploymentPostprocessing = 0;
		};
/* End PBXSourcesBuildPhase section */

/* Begin PBXTargetDependency section */
		8701AB4019F7DC52009FBA51 /* PBXTargetDependency */ = {
			isa = PBXTargetDependency;
			target = 8701AB2419F7DC52009FBA51 /* phppost2 */;
			targetProxy = 8701AB3F19F7DC52009FBA51 /* PBXContainerItemProxy */;
		};
/* End PBXTargetDependency section */

/* Begin PBXVariantGroup section */
		8701AB3219F7DC52009FBA51 /* Main.storyboard */ = {
			isa = PBXVariantGroup;
			children = (
				8701AB3319F7DC52009FBA51 /* Base */,
			);
			name = Main.storyboard;
			sourceTree = "<group>";
		};
		8701AB3719F7DC52009FBA51 /* LaunchScreen.xib */ = {
			isa = PBXVariantGroup;
			children = (
				8701AB3819F7DC52009FBA51 /* Base */,
			);
			name = LaunchScreen.xib;
			sourceTree = "<group>";
		};
/* End PBXVariantGroup section */

/* Begin XCBuildConfiguration section */
		8701AB4619F7DC52009FBA51 /* Debug */ = {
			isa = XCBuildConfiguration;
			buildSettings = {
				ALWAYS_SEARCH_USER_PATHS = NO;
				CLANG_CXX_LANGUAGE_STANDARD = "gnu++0x";
				CLANG_CXX_LIBRARY = "libc++";
				CLANG_ENABLE_MODULES = YES;
				CLANG_ENABLE_OBJC_ARC = YES;
				CLANG_WARN_BOOL_CONVERSION = YES;
				CLANG_WARN_CONSTANT_CONVERSION = YES;
				CLANG_WARN_DIRECT_OBJC_ISA_USAGE = YES_ERROR;
				CLANG_WARN_EMPTY_BODY = YES;
				CLANG_WARN_ENUM_CONVERSION = YES;
				CLANG_WARN_INT_CONVERSION = YES;
				CLANG_WARN_OBJC_ROOT_CLASS = YES_ERROR;
				CLANG_WARN_UNREACHABLE_CODE = YES;
				CLANG_WARN__DUPLICATE_METHOD_MATCH = YES;
				"CODE_SIGN_IDENTITY[sdk=iphoneos*]" = "iPhone Developer";
				COPY_PHASE_STRIP = NO;
				ENABLE_STRICT_OBJC_MSGSEND = YES;
				GCC_C_LANGUAGE_STANDARD = gnu99;
				GCC_DYNAMIC_NO_PIC = NO;
				GCC_OPTIMIZATION_LEVEL = 0;
				GCC_PREPROCESSOR_DEFINITIONS = (
					"DEBUG=1",
					"$(inherited)",
				);
				GCC_SYMBOLS_PRIVATE_EXTERN = NO;
				GCC_WARN_64_TO_32_BIT_CONVERSION = YES;
				GCC_WARN_ABOUT_RETURN_TYPE = YES_ERROR;
				GCC_WARN_UNDECLARED_SELECTOR = YES;
				GCC_WARN_UNINITIALIZED_AUTOS = YES_AGGRESSIVE;
				GCC_WARN_UNUSED_FUNCTION = YES;
				GCC_WARN_UNUSED_VARIABLE = YES;
				IPHONEOS_DEPLOYMENT_TARGET = 8.1;
				MTL_ENABLE_DEBUG_INFO = YES;
				ONLY_ACTIVE_ARCH = YES;
				SDKROOT = iphoneos;
			};
			name = Debug;
		};
		8701AB4719F7DC52009FBA51 /* Release */ = {
			isa = XCBuildConfiguration;
			buildSettings = {
				ALWAYS_SEARCH_USER_PATHS = NO;
				CLANG_CXX_LANGUAGE_STANDARD = "gnu++0x";
				CLANG_CXX_LIBRARY = "libc++";
				CLANG_ENABLE_MODULES = YES;
				CLANG_ENABLE_OBJC_ARC = YES;
				CLANG_WARN_BOOL_CONVERSION = YES;
				CLANG_WARN_CONSTANT_CONVERSION = YES;
				CLANG_WARN_DIRECT_OBJC_ISA_USAGE = YES_ERROR;
				CLANG_WARN_EMPTY_BODY = YES;
				CLANG_WARN_ENUM_CONVERSION = YES;
				CLANG_WARN_INT_CONVERSION = YES;
				CLANG_WARN_OBJC_ROOT_CLASS = YES_ERROR;
				CLANG_WARN_UNREACHABLE_CODE = YES;
				CLANG_WARN__DUPLICATE_METHOD_MATCH = YES;
				"CODE_SIGN_IDENTITY[sdk=iphoneos*]" = "iPhone Developer";
				COPY_PHASE_STRIP = YES;
				ENABLE_NS_ASSERTIONS = NO;
				ENABLE_STRICT_OBJC_MSGSEND = YES;
				GCC_C_LANGUAGE_STANDARD = gnu99;
				GCC_WARN_64_TO_32_BIT_CONVERSION = YES;
				GCC_WARN_ABOUT_RETURN_TYPE = YES_ERROR;
				GCC_WARN_UNDECLARED_SELECTOR = YES;
				GCC_WARN_UNINITIALIZED_AUTOS = YES_AGGRESSIVE;
				GCC_WARN_UNUSED_FUNCTION = YES;
				GCC_WARN_UNUSED_VARIABLE = YES;
				IPHONEOS_DEPLOYMENT_TARGET = 8.1;
				MTL_ENABLE_DEBUG_INFO = NO;
				SDKROOT = iphoneos;
				VALIDATE_PRODUCT = YES;
			};
			name = Release;
		};
		8701AB4919F7DC52009FBA51 /* Debug */ = {
			isa = XCBuildConfiguration;
			buildSettings = {
				ASSETCATALOG_COMPILER_APPICON_NAME = AppIcon;
				INFOPLIST_FILE = phppost2/Info.plist;
				LD_RUNPATH_SEARCH_PATHS = "$(inherited) @executable_path/Frameworks";
				PRODUCT_NAME = "$(TARGET_NAME)";
			};
			name = Debug;
		};
		8701AB4A19F7DC52009FBA51 /* Release */ = {
			isa = XCBuildConfiguration;
			buildSettings = {
				ASSETCATALOG_COMPILER_APPICON_NAME = AppIcon;
				INFOPLIST_FILE = phppost2/Info.plist;
				LD_RUNPATH_SEARCH_PATHS = "$(inherited) @executable_path/Frameworks";
				PRODUCT_NAME = "$(TARGET_NAME)";
			};
			name = Release;
		};
		8701AB4C19F7DC52009FBA51 /* Debug */ = {
			isa = XCBuildConfiguration;
			buildSettings = {
				BUNDLE_LOADER = "$(TEST_HOST)";
				FRAMEWORK_SEARCH_PATHS = (
					"$(SDKROOT)/Developer/Library/Frameworks",
					"$(inherited)",
				);
				GCC_PREPROCESSOR_DEFINITIONS = (
					"DEBUG=1",
					"$(inherited)",
				);
				INFOPLIST_FILE = phppost2Tests/Info.plist;
				LD_RUNPATH_SEARCH_PATHS = "$(inherited) @executable_path/Frameworks @loader_path/Frameworks";
				PRODUCT_NAME = "$(TARGET_NAME)";
				TEST_HOST = "$(BUILT_PRODUCTS_DIR)/phppost2.app/phppost2";
			};
			name = Debug;
		};
		8701AB4D19F7DC52009FBA51 /* Release */ = {
			isa = XCBuildConfiguration;
			buildSettings = {
				BUNDLE_LOADER = "$(TEST_HOST)";
				FRAMEWORK_SEARCH_PATHS = (
					"$(SDKROOT)/Developer/Library/Frameworks",
					"$(inherited)",
				);
				INFOPLIST_FILE = phppost2Tests/Info.plist;
				LD_RUNPATH_SEARCH_PATHS = "$(inherited) @executable_path/Frameworks @loader_path/Frameworks";
				PRODUCT_NAME = "$(TARGET_NAME)";
				TEST_HOST = "$(BUILT_PRODUCTS_DIR)/phppost2.app/phppost2";
			};
			name = Release;
		};
/* End XCBuildConfiguration section */

/* Begin XCConfigurationList section */
		8701AB2019F7DC51009FBA51 /* Build configuration list for PBXProject "phppost2" */ = {
			isa = XCConfigurationList;
			buildConfigurations = (
				8701AB4619F7DC52009FBA51 /* Debug */,
				8701AB4719F7DC52009FBA51 /* Release */,
			);
			defaultConfigurationIsVisible = 0;
			defaultConfigurationName = Release;
		};
		8701AB4819F7DC52009FBA51 /* Build configuration list for PBXNativeTarget "phppost2" */ = {
			isa = XCConfigurationList;
			buildConfigurations = (
				8701AB4919F7DC52009FBA51 /* Debug */,
				8701AB4A19F7DC52009FBA51 /* Release */,
			);
			defaultConfigurationIsVisible = 0;
		};
		8701AB4B19F7DC52009FBA51 /* Build configuration list for PBXNativeTarget "phppost2Tests" */ = {
			isa = XCConfigurationList;
			buildConfigurations = (
				8701AB4C19F7DC52009FBA51 /* Debug */,
				8701AB4D19F7DC52009FBA51 /* Release */,
			);
			defaultConfigurationIsVisible = 0;
		};
/* End XCConfigurationList section */
	};
	rootObject = 8701AB1D19F7DC51009FBA51 /* Project object */;
}
